
Microsoft Visual Studio Solution File, Format Version 12.00
# Visual Studio Version 17
VisualStudioVersion = 17.9.34728.123
MinimumVisualStudioVersion = 10.0.40219.1
Project("{D2ABAB84-BF74-430A-B69E-9DC6D40DDA17}") = "kursova_SSAS", "kursova_SSAS.dwproj", "{CFE06FEF-1E6E-4560-8FD6-435F01AC7B2C}"
EndProject
Global
	GlobalSection(SolutionConfigurationPlatforms) = preSolution
		Development|Default = Development|Default
	EndGlobalSection
	GlobalSection(ProjectConfigurationPlatforms) = postSolution
		{CFE06FEF-1E6E-4560-8FD6-435F01AC7B2C}.Development|Default.ActiveCfg = Development
		{CFE06FEF-1E6E-4560-8FD6-435F01AC7B2C}.Development|Default.Build.0 = Development
		{CFE06FEF-1E6E-4560-8FD6-435F01AC7B2C}.Development|Default.Deploy.0 = Development
	EndGlobalSection
	GlobalSection(SolutionProperties) = preSolution
		HideSolutionNode = FALSE
	EndGlobalSection
	GlobalSection(ExtensibilityGlobals) = postSolution
		SolutionGuid = {938A1AC4-DE29-41C0-9CBA-AAC412C7D64D}
	EndGlobalSection
EndGlobal
